
Microsoft Visual Studio Solution File, Format Version 12.00
# Visual Studio Version 17
VisualStudioVersion = 17.14.36310.24
MinimumVisualStudioVersion = 10.0.40219.1
Project("{2150E333-8FDC-42A3-9474-1A3956D46DE8}") = "1.Apresentacao", "1.Apresentacao", "{02EA681E-C7D8-13C7-8484-4AC65E1B71E8}"
EndProject
Project("{2150E333-8FDC-42A3-9474-1A3956D46DE8}") = "2.Nucleo", "2.Nucleo", "{E082C908-0F90-4486-B584-42A0ABC30D74}"
EndProject
Project("{2150E333-8FDC-42A3-9474-1A3956D46DE8}") = "3.Infraestrutura", "3.Infraestrutura", "{D67D1321-F0AB-49C1-BCB4-35D7653ED942}"
EndProject
Project("{FAE04EC0-301F-11D3-BF4B-00C04F79EFBC}") = "Gerador-de-Testes.WebApp", "Gerador-de-Testes\Gerador-de-Testes.WebApp.csproj", "{6C790A43-4098-47E7-AC82-0D6AF3C87D31}"
EndProject
Project("{FAE04EC0-301F-11D3-BF4B-00C04F79EFBC}") = "Gerador-de-Testes.Dominio", "Gerador-de-Testes.Dominio\Gerador-de-Testes.Dominio.csproj", "{ACE484D8-4788-4B7C-B68B-925498DFE551}"
EndProject
Project("{FAE04EC0-301F-11D3-BF4B-00C04F79EFBC}") = "Gerador-de-Testes.Infraestrutura.Orm", "Gerador-de-Testes.Infraestrutura.Orm\Gerador-de-Testes.Infraestrutura.Orm.csproj", "{1CC00177-92ED-4832-87BC-BC01B5D29216}"
EndProject
Global
	GlobalSection(SolutionConfigurationPlatforms) = preSolution
		Debug|Any CPU = Debug|Any CPU
		Release|Any CPU = Release|Any CPU
	EndGlobalSection
	GlobalSection(ProjectConfigurationPlatforms) = postSolution
		{6C790A43-4098-47E7-AC82-0D6AF3C87D31}.Debug|Any CPU.ActiveCfg = Debug|Any CPU
		{6C790A43-4098-47E7-AC82-0D6AF3C87D31}.Debug|Any CPU.Build.0 = Debug|Any CPU
		{6C790A43-4098-47E7-AC82-0D6AF3C87D31}.Release|Any CPU.ActiveCfg = Release|Any CPU
		{6C790A43-4098-47E7-AC82-0D6AF3C87D31}.Release|Any CPU.Build.0 = Release|Any CPU
		{ACE484D8-4788-4B7C-B68B-925498DFE551}.Debug|Any CPU.ActiveCfg = Debug|Any CPU
		{ACE484D8-4788-4B7C-B68B-925498DFE551}.Debug|Any CPU.Build.0 = Debug|Any CPU
		{ACE484D8-4788-4B7C-B68B-925498DFE551}.Release|Any CPU.ActiveCfg = Release|Any CPU
		{ACE484D8-4788-4B7C-B68B-925498DFE551}.Release|Any CPU.Build.0 = Release|Any CPU
		{1CC00177-92ED-4832-87BC-BC01B5D29216}.Debug|Any CPU.ActiveCfg = Debug|Any CPU
		{1CC00177-92ED-4832-87BC-BC01B5D29216}.Debug|Any CPU.Build.0 = Debug|Any CPU
		{1CC00177-92ED-4832-87BC-BC01B5D29216}.Release|Any CPU.ActiveCfg = Release|Any CPU
		{1CC00177-92ED-4832-87BC-BC01B5D29216}.Release|Any CPU.Build.0 = Release|Any CPU
	EndGlobalSection
	GlobalSection(SolutionProperties) = preSolution
		HideSolutionNode = FALSE
	EndGlobalSection
	GlobalSection(NestedProjects) = preSolution
		{6C790A43-4098-47E7-AC82-0D6AF3C87D31} = {02EA681E-C7D8-13C7-8484-4AC65E1B71E8}
		{ACE484D8-4788-4B7C-B68B-925498DFE551} = {E082C908-0F90-4486-B584-42A0ABC30D74}
		{1CC00177-92ED-4832-87BC-BC01B5D29216} = {D67D1321-F0AB-49C1-BCB4-35D7653ED942}
	EndGlobalSection
	GlobalSection(ExtensibilityGlobals) = postSolution
		SolutionGuid = {AC653E98-ED6F-4EE3-89DE-8A4AF5B8287A}
	EndGlobalSection
EndGlobal
